
Microsoft Visual Studio Solution File, Format Version 12.00
# Visual Studio Version 16
VisualStudioVersion = 16.0.30011.22
MinimumVisualStudioVersion = 10.0.40219.1
Project("{FAE04EC0-301F-11D3-BF4B-00C04F79EFBC}") = "Todo", "Todo\Todo.csproj", "{572AE70A-ABF5-40C1-9D31-F4BC8D0B554C}"
EndProject
Global
	GlobalSection(SolutionConfigurationPlatforms) = preSolution
		Debug|Any CPU = Debug|Any CPU
		Release|Any CPU = Release|Any CPU
	EndGlobalSection
	GlobalSection(ProjectConfigurationPlatforms) = postSolution
		{572AE70A-ABF5-40C1-9D31-F4BC8D0B554C}.Debug|Any CPU.ActiveCfg = Debug|Any CPU
		{572AE70A-ABF5-40C1-9D31-F4BC8D0B554C}.Debug|Any CPU.Build.0 = Debug|Any CPU
		{572AE70A-ABF5-40C1-9D31-F4BC8D0B554C}.Release|Any CPU.ActiveCfg = Release|Any CPU
		{572AE70A-ABF5-40C1-9D31-F4BC8D0B554C}.Release|Any CPU.Build.0 = Release|Any CPU
	EndGlobalSection
	GlobalSection(SolutionProperties) = preSolution
		HideSolutionNode = FALSE
	EndGlobalSection
	GlobalSection(ExtensibilityGlobals) = postSolution
		SolutionGuid = {356D660A-646F-48A4-B5B0-CA1E3EA30521}
	EndGlobalSection
EndGlobal
